// !$*UTF8*$!
{
	archiveVersion = 1;
	classes = {
	};
	objectVersion = 46;
	objects = {

/* Begin PBXBuildFile section */
		D3F41E331D0C3504007096F8 /* main.m in Sources */ = {isa = PBXBuildFile; fileRef = D3F41E321D0C3504007096F8 /* main.m */; };
		D3F41E361D0C3504007096F8 /* AppDelegate.m in Sources */ = {isa = PBXBuildFile; fileRef = D3F41E351D0C3504007096F8 /* AppDelegate.m */; };
		D3F41E391D0C3504007096F8 /* ViewController.m in Sources */ = {isa = PBXBuildFile; fileRef = D3F41E381D0C3504007096F8 /* ViewController.m */; };
		D3F41E3C1D0C3504007096F8 /* Main.storyboard in Resources */ = {isa = PBXBuildFile; fileRef = D3F41E3A1D0C3504007096F8 /* Main.storyboard */; };
		D3F41E3E1D0C3504007096F8 /* Assets.xcassets in Resources */ = {isa = PBXBuildFile; fileRef = D3F41E3D1D0C3504007096F8 /* Assets.xcassets */; };
		D3F41E411D0C3504007096F8 /* LaunchScreen.storyboard in Resources */ = {isa = PBXBuildFile; fileRef = D3F41E3F1D0C3504007096F8 /* LaunchScreen.storyboard */; };
		D3F41E4C1D0C3504007096F8 /* SqliteWrapperTests.m in Sources */ = {isa = PBXBuildFile; fileRef = D3F41E4B1D0C3504007096F8 /* SqliteWrapperTests.m */; };
		D3F41E571D0C3504007096F8 /* SqliteWrapperUITests.m in Sources */ = {isa = PBXBuildFile; fileRef = D3F41E561D0C3504007096F8 /* SqliteWrapperUITests.m */; };
		D3F41E671D0C35C6007096F8 /* DBhelper.m in Sources */ = {isa = PBXBuildFile; fileRef = D3F41E661D0C35C6007096F8 /* DBhelper.m */; };
		D3F41E691D0C4717007096F8 /* libsqlite3.tbd in Frameworks */ = {isa = PBXBuildFile; fileRef = D3F41E681D0C4717007096F8 /* libsqlite3.tbd */; };
/* End PBXBuildFile section */

/* Begin PBXContainerItemProxy section */
		D3F41E481D0C3504007096F8 /* PBXContainerItemProxy */ = {
			isa = PBXContainerItemProxy;
			containerPortal = D3F41E261D0C3504007096F8 /* Project object */;
			proxyType = 1;
			remoteGlobalIDString = D3F41E2D1D0C3504007096F8;
			remoteInfo = SqliteWrapper;
		};
		D3F41E531D0C3504007096F8 /* PBXContainerItemProxy */ = {
			isa = PBXContainerItemProxy;
			containerPortal = D3F41E261D0C3504007096F8 /* Project object */;
			proxyType = 1;
			remoteGlobalIDString = D3F41E2D1D0C3504007096F8;
			remoteInfo = SqliteWrapper;
		};
/* End PBXContainerItemProxy section */

/* Begin PBXFileReference section */
		D3F41E2E1D0C3504007096F8 /* SqliteWrapper.app */ = {isa = PBXFileReference; explicitFileType = wrapper.application; includeInIndex = 0; path = SqliteWrapper.app; sourceTree = BUILT_PRODUCTS_DIR; };
		D3F41E321D0C3504007096F8 /* main.m */ = {isa = PBXFileReference; lastKnownFileType = sourcecode.c.objc; path = main.m; sourceTree = "<group>"; };
		D3F41E341D0C3504007096F8 /* AppDelegate.h */ = {isa = PBXFileReference; lastKnownFileType = sourcecode.c.h; path = AppDelegate.h; sourceTree = "<group>"; };
		D3F41E351D0C3504007096F8 /* AppDelegate.m */ = {isa = PBXFileReference; lastKnownFileType = sourcecode.c.objc; path = AppDelegate.m; sourceTree = "<group>"; };
		D3F41E371D0C3504007096F8 /* ViewController.h */ = {isa = PBXFileReference; lastKnownFileType = sourcecode.c.h; path = ViewController.h; sourceTree = "<group>"; };
		D3F41E381D0C3504007096F8 /* ViewController.m */ = {isa = PBXFileReference; lastKnownFileType = sourcecode.c.objc; path = ViewController.m; sourceTree = "<group>"; };
		D3F41E3B1D0C3504007096F8 /* Base */ = {isa = PBXFileReference; lastKnownFileType = file.storyboard; name = Base; path = Base.lproj/Main.storyboard; sourceTree = "<group>"; };
		D3F41E3D1D0C3504007096F8 /* Assets.xcassets */ = {isa = PBXFileReference; lastKnownFileType = folder.assetcatalog; path = Assets.xcassets; sourceTree = "<group>"; };
		D3F41E401D0C3504007096F8 /* Base */ = {isa = PBXFileReference; lastKnownFileType = file.storyboard; name = Base; path = Base.lproj/LaunchScreen.storyboard; sourceTree = "<group>"; };
		D3F41E421D0C3504007096F8 /* Info.plist */ = {isa = PBXFileReference; lastKnownFileType = text.plist.xml; path = Info.plist; sourceTree = "<group>"; };
		D3F41E471D0C3504007096F8 /* SqliteWrapperTests.xctest */ = {isa = PBXFileReference; explicitFileType = wrapper.cfbundle; includeInIndex = 0; path = SqliteWrapperTests.xctest; sourceTree = BUILT_PRODUCTS_DIR; };
		D3F41E4B1D0C3504007096F8 /* SqliteWrapperTests.m */ = {isa = PBXFileReference; lastKnownFileType = sourcecode.c.objc; path = SqliteWrapperTests.m; sourceTree = "<group>"; };
		D3F41E4D1D0C3504007096F8 /* Info.plist */ = {isa = PBXFileReference; lastKnownFileType = text.plist.xml; path = Info.plist; sourceTree = "<group>"; };
		D3F41E521D0C3504007096F8 /* SqliteWrapperUITests.xctest */ = {isa = PBXFileReference; explicitFileType = wrapper.cfbundle; includeInIndex = 0; path = SqliteWrapperUITests.xctest; sourceTree = BUILT_PRODUCTS_DIR; };
		D3F41E561D0C3504007096F8 /* SqliteWrapperUITests.m */ = {isa = PBXFileReference; lastKnownFileType = sourcecode.c.objc; path = SqliteWrapperUITests.m; sourceTree = "<group>"; };
		D3F41E581D0C3504007096F8 /* Info.plist */ = {isa = PBXFileReference; lastKnownFileType = text.plist.xml; path = Info.plist; sourceTree = "<group>"; };
		D3F41E651D0C35C6007096F8 /* DBhelper.h */ = {isa = PBXFileReference; fileEncoding = 4; lastKnownFileType = sourcecode.c.h; name = DBhelper.h; path = SqliteWrapper/DBHelper/DBhelper.h; sourceTree = "<group>"; };
		D3F41E661D0C35C6007096F8 /* DBhelper.m */ = {isa = PBXFileReference; fileEncoding = 4; lastKnownFileType = sourcecode.c.objc; name = DBhelper.m; path = SqliteWrapper/DBHelper/DBhelper.m; sourceTree = "<group>"; };
		D3F41E681D0C4717007096F8 /* libsqlite3.tbd */ = {isa = PBXFileReference; lastKnownFileType = "sourcecode.text-based-dylib-definition"; name = libsqlite3.tbd; path = usr/lib/libsqlite3.tbd; sourceTree = SDKROOT; };
		D3F41E6A1D0D6B09007096F8 /* CONSTANTS.h */ = {isa = PBXFileReference; lastKnownFileType = sourcecode.c.h; name = CONSTANTS.h; path = SqliteWrapper/CONSTANTS.h; sourceTree = "<group>"; };
		D3F41E6B1D0D6B32007096F8 /* PrefixHeader.pch */ = {isa = PBXFileReference; lastKnownFileType = sourcecode.c.h; name = PrefixHeader.pch; path = SqliteWrapper/PrefixHeader.pch; sourceTree = "<group>"; };
/* End PBXFileReference section */

/* Begin PBXFrameworksBuildPhase section */
		D3F41E2B1D0C3504007096F8 /* Frameworks */ = {
			isa = PBXFrameworksBuildPhase;
			buildActionMask = 2147483647;
			files = (
				D3F41E691D0C4717007096F8 /* libsqlite3.tbd in Frameworks */,
			);
			runOnlyForDeploymentPostprocessing = 0;
		};
		D3F41E441D0C3504007096F8 /* Frameworks */ = {
			isa = PBXFrameworksBuildPhase;
			buildActionMask = 2147483647;
			files = (
			);
			runOnlyForDeploymentPostprocessing = 0;
		};
		D3F41E4F1D0C3504007096F8 /* Frameworks */ = {
			isa = PBXFrameworksBuildPhase;
			buildActionMask = 2147483647;
			files = (
			);
			runOnlyForDeploymentPostprocessing = 0;
		};
/* End PBXFrameworksBuildPhase section */

/* Begin PBXGroup section */
		D3F41E251D0C3504007096F8 = {
			isa = PBXGroup;
			children = (
				D3F41E6B1D0D6B32007096F8 /* PrefixHeader.pch */,
				D3F41E6A1D0D6B09007096F8 /* CONSTANTS.h */,
				D3F41E681D0C4717007096F8 /* libsqlite3.tbd */,
				D3F41E641D0C35A1007096F8 /* DBHelper */,
				D3F41E301D0C3504007096F8 /* SqliteWrapper */,
				D3F41E4A1D0C3504007096F8 /* SqliteWrapperTests */,
				D3F41E551D0C3504007096F8 /* SqliteWrapperUITests */,
				D3F41E2F1D0C3504007096F8 /* Products */,
			);
			sourceTree = "<group>";
		};
		D3F41E2F1D0C3504007096F8 /* Products */ = {
			isa = PBXGroup;
			children = (
				D3F41E2E1D0C3504007096F8 /* SqliteWrapper.app */,
				D3F41E471D0C3504007096F8 /* SqliteWrapperTests.xctest */,
				D3F41E521D0C3504007096F8 /* SqliteWrapperUITests.xctest */,
			);
			name = Products;
			sourceTree = "<group>";
		};
		D3F41E301D0C3504007096F8 /* SqliteWrapper */ = {
			isa = PBXGroup;
			children = (
				D3F41E341D0C3504007096F8 /* AppDelegate.h */,
				D3F41E351D0C3504007096F8 /* AppDelegate.m */,
				D3F41E371D0C3504007096F8 /* ViewController.h */,
				D3F41E381D0C3504007096F8 /* ViewController.m */,
				D3F41E3A1D0C3504007096F8 /* Main.storyboard */,
				D3F41E3D1D0C3504007096F8 /* Assets.xcassets */,
				D3F41E3F1D0C3504007096F8 /* LaunchScreen.storyboard */,
				D3F41E421D0C3504007096F8 /* Info.plist */,
				D3F41E311D0C3504007096F8 /* Supporting Files */,
			);
			path = SqliteWrapper;
			sourceTree = "<group>";
		};
		D3F41E311D0C3504007096F8 /* Supporting Files */ = {
			isa = PBXGroup;
			children = (
				D3F41E321D0C3504007096F8 /* main.m */,
			);
			name = "Supporting Files";
			sourceTree = "<group>";
		};
		D3F41E4A1D0C3504007096F8 /* SqliteWrapperTests */ = {
			isa = PBXGroup;
			children = (
				D3F41E4B1D0C3504007096F8 /* SqliteWrapperTests.m */,
				D3F41E4D1D0C3504007096F8 /* Info.plist */,
			);
			path = SqliteWrapperTests;
			sourceTree = "<group>";
		};
		D3F41E551D0C3504007096F8 /* SqliteWrapperUITests */ = {
			isa = PBXGroup;
			children = (
				D3F41E561D0C3504007096F8 /* SqliteWrapperUITests.m */,
				D3F41E581D0C3504007096F8 /* Info.plist */,
			);
			path = SqliteWrapperUITests;
			sourceTree = "<group>";
		};
		D3F41E641D0C35A1007096F8 /* DBHelper */ = {
			isa = PBXGroup;
			children = (
				D3F41E651D0C35C6007096F8 /* DBhelper.h */,
				D3F41E661D0C35C6007096F8 /* DBhelper.m */,
			);
			name = DBHelper;
			sourceTree = "<group>";
		};
/* End PBXGroup section */

/* Begin PBXNativeTarget section */
		D3F41E2D1D0C3504007096F8 /* SqliteWrapper */ = {
			isa = PBXNativeTarget;
			buildConfigurationList = D3F41E5B1D0C3504007096F8 /* Build configuration list for PBXNativeTarget "SqliteWrapper" */;
			buildPhases = (
				D3F41E2A1D0C3504007096F8 /* Sources */,
				D3F41E2B1D0C3504007096F8 /* Frameworks */,
				D3F41E2C1D0C3504007096F8 /* Resources */,
			);
			buildRules = (
			);
			dependencies = (
			);
			name = SqliteWrapper;
			productName = SqliteWrapper;
			productReference = D3F41E2E1D0C3504007096F8 /* SqliteWrapper.app */;
			productType = "com.apple.product-type.application";
		};
		D3F41E461D0C3504007096F8 /* SqliteWrapperTests */ = {
			isa = PBXNativeTarget;
			buildConfigurationList = D3F41E5E1D0C3504007096F8 /* Build configuration list for PBXNativeTarget "SqliteWrapperTests" */;
			buildPhases = (
				D3F41E431D0C3504007096F8 /* Sources */,
				D3F41E441D0C3504007096F8 /* Frameworks */,
				D3F41E451D0C3504007096F8 /* Resources */,
			);
			buildRules = (
			);
			dependencies = (
				D3F41E491D0C3504007096F8 /* PBXTargetDependency */,
			);
			name = SqliteWrapperTests;
			productName = SqliteWrapperTests;
			productReference = D3F41E471D0C3504007096F8 /* SqliteWrapperTests.xctest */;
			productType = "com.apple.product-type.bundle.unit-test";
		};
		D3F41E511D0C3504007096F8 /* SqliteWrapperUITests */ = {
			isa = PBXNativeTarget;
			buildConfigurationList = D3F41E611D0C3504007096F8 /* Build configuration list for PBXNativeTarget "SqliteWrapperUITests" */;
			buildPhases = (
				D3F41E4E1D0C3504007096F8 /* Sources */,
				D3F41E4F1D0C3504007096F8 /* Frameworks */,
				D3F41E501D0C3504007096F8 /* Resources */,
			);
			buildRules = (
			);
			dependencies = (
				D3F41E541D0C3504007096F8 /* PBXTargetDependency */,
			);
			name = SqliteWrapperUITests;
			productName = SqliteWrapperUITests;
			productReference = D3F41E521D0C3504007096F8 /* SqliteWrapperUITests.xctest */;
			productType = "com.apple.product-type.bundle.ui-testing";
		};
/* End PBXNativeTarget section */

/* Begin PBXProject section */
		D3F41E261D0C3504007096F8 /* Project object */ = {
			isa = PBXProject;
			attributes = {
				LastUpgradeCheck = 0730;
				ORGANIZATIONNAME = Swapnil;
				TargetAttributes = {
					D3F41E2D1D0C3504007096F8 = {
						CreatedOnToolsVersion = 7.3;
					};
					D3F41E461D0C3504007096F8 = {
						CreatedOnToolsVersion = 7.3;
						TestTargetID = D3F41E2D1D0C3504007096F8;
					};
					D3F41E511D0C3504007096F8 = {
						CreatedOnToolsVersion = 7.3;
						TestTargetID = D3F41E2D1D0C3504007096F8;
					};
				};
			};
			buildConfigurationList = D3F41E291D0C3504007096F8 /* Build configuration list for PBXProject "SqliteWrapper" */;
			compatibilityVersion = "Xcode 3.2";
			developmentRegion = English;
			hasScannedForEncodings = 0;
			knownRegions = (
				en,
				Base,
			);
			mainGroup = D3F41E251D0C3504007096F8;
			productRefGroup = D3F41E2F1D0C3504007096F8 /* Products */;
			projectDirPath = "";
			projectRoot = "";
			targets = (
				D3F41E2D1D0C3504007096F8 /* SqliteWrapper */,
				D3F41E461D0C3504007096F8 /* SqliteWrapperTests */,
				D3F41E511D0C3504007096F8 /* SqliteWrapperUITests */,
			);
		};
/* End PBXProject section */

/* Begin PBXResourcesBuildPhase section */
		D3F41E2C1D0C3504007096F8 /* Resources */ = {
			isa = PBXResourcesBuildPhase;
			buildActionMask = 2147483647;
			files = (
				D3F41E411D0C3504007096F8 /* LaunchScreen.storyboard in Resources */,
				D3F41E3E1D0C3504007096F8 /* Assets.xcassets in Resources */,
				D3F41E3C1D0C3504007096F8 /* Main.storyboard in Resources */,
			);
			runOnlyForDeploymentPostprocessing = 0;
		};
		D3F41E451D0C3504007096F8 /* Resources */ = {
			isa = PBXResourcesBuildPhase;
			buildActionMask = 2147483647;
			files = (
			);
			runOnlyForDeploymentPostprocessing = 0;
		};
		D3F41E501D0C3504007096F8 /* Resources */ = {
			isa = PBXResourcesBuildPhase;
			buildActionMask = 2147483647;
			files = (
			);
			runOnlyForDeploymentPostprocessing = 0;
		};
/* End PBXResourcesBuildPhase section */

/* Begin PBXSourcesBuildPhase section */
		D3F41E2A1D0C3504007096F8 /* Sources */ = {
			isa = PBXSourcesBuildPhase;
			buildActionMask = 2147483647;
			files = (
				D3F41E391D0C3504007096F8 /* ViewController.m in Sources */,
				D3F41E361D0C3504007096F8 /* AppDelegate.m in Sources */,
				D3F41E331D0C3504007096F8 /* main.m in Sources */,
				D3F41E671D0C35C6007096F8 /* DBhelper.m in Sources */,
			);
			runOnlyForDeploymentPostprocessing = 0;
		};
		D3F41E431D0C3504007096F8 /* Sources */ = {
			isa = PBXSourcesBuildPhase;
			buildActionMask = 2147483647;
			files = (
				D3F41E4C1D0C3504007096F8 /* SqliteWrapperTests.m in Sources */,
			);
			runOnlyForDeploymentPostprocessing = 0;
		};
		D3F41E4E1D0C3504007096F8 /* Sources */ = {
			isa = PBXSourcesBuildPhase;
			buildActionMask = 2147483647;
			files = (
				D3F41E571D0C3504007096F8 /* SqliteWrapperUITests.m in Sources */,
			);
			runOnlyForDeploymentPostprocessing = 0;
		};
/* End PBXSourcesBuildPhase section */

/* Begin PBXTargetDependency section */
		D3F41E491D0C3504007096F8 /* PBXTargetDependency */ = {
			isa = PBXTargetDependency;
			target = D3F41E2D1D0C3504007096F8 /* SqliteWrapper */;
			targetProxy = D3F41E481D0C3504007096F8 /* PBXContainerItemProxy */;
		};
		D3F41E541D0C3504007096F8 /* PBXTargetDependency */ = {
			isa = PBXTargetDependency;
			target = D3F41E2D1D0C3504007096F8 /* SqliteWrapper */;
			targetProxy = D3F41E531D0C3504007096F8 /* PBXContainerItemProxy */;
		};
/* End PBXTargetDependency section */

/* Begin PBXVariantGroup section */
		D3F41E3A1D0C3504007096F8 /* Main.storyboard */ = {
			isa = PBXVariantGroup;
			children = (
				D3F41E3B1D0C3504007096F8 /* Base */,
			);
			name = Main.storyboard;
			sourceTree = "<group>";
		};
		D3F41E3F1D0C3504007096F8 /* LaunchScreen.storyboard */ = {
			isa = PBXVariantGroup;
			children = (
				D3F41E401D0C3504007096F8 /* Base */,
			);
			name = LaunchScreen.storyboard;
			sourceTree = "<group>";
		};
/* End PBXVariantGroup section */

/* Begin XCBuildConfiguration section */
		D3F41E591D0C3504007096F8 /* Debug */ = {
			isa = XCBuildConfiguration;
			buildSettings = {
				ALWAYS_SEARCH_USER_PATHS = NO;
				CLANG_ANALYZER_NONNULL = YES;
				CLANG_CXX_LANGUAGE_STANDARD = "gnu++0x";
				CLANG_CXX_LIBRARY = "libc++";
				CLANG_ENABLE_MODULES = YES;
				CLANG_ENABLE_OBJC_ARC = YES;
				CLANG_WARN_BOOL_CONVERSION = YES;
				CLANG_WARN_CONSTANT_CONVERSION = YES;
				CLANG_WARN_DIRECT_OBJC_ISA_USAGE = YES_ERROR;
				CLANG_WARN_EMPTY_BODY = YES;
				CLANG_WARN_ENUM_CONVERSION = YES;
				CLANG_WARN_INT_CONVERSION = YES;
				CLANG_WARN_OBJC_ROOT_CLASS = YES_ERROR;
				CLANG_WARN_UNREACHABLE_CODE = YES;
				CLANG_WARN__DUPLICATE_METHOD_MATCH = YES;
				"CODE_SIGN_IDENTITY[sdk=iphoneos*]" = "iPhone Developer";
				COPY_PHASE_STRIP = NO;
				DEBUG_INFORMATION_FORMAT = dwarf;
				ENABLE_STRICT_OBJC_MSGSEND = YES;
				ENABLE_TESTABILITY = YES;
				GCC_C_LANGUAGE_STANDARD = gnu99;
				GCC_DYNAMIC_NO_PIC = NO;
				GCC_NO_COMMON_BLOCKS = YES;
				GCC_OPTIMIZATION_LEVEL = 0;
				GCC_PREPROCESSOR_DEFINITIONS = (
					"DEBUG=1",
					"$(inherited)",
				);
				GCC_WARN_64_TO_32_BIT_CONVERSION = YES;
				GCC_WARN_ABOUT_RETURN_TYPE = YES_ERROR;
				GCC_WARN_UNDECLARED_SELECTOR = YES;
				GCC_WARN_UNINITIALIZED_AUTOS = YES_AGGRESSIVE;
				GCC_WARN_UNUSED_FUNCTION = YES;
				GCC_WARN_UNUSED_VARIABLE = YES;
				IPHONEOS_DEPLOYMENT_TARGET = 9.3;
				MTL_ENABLE_DEBUG_INFO = YES;
				ONLY_ACTIVE_ARCH = YES;
				SDKROOT = iphoneos;
			};
			name = Debug;
		};
		D3F41E5A1D0C3504007096F8 /* Release */ = {
			isa = XCBuildConfiguration;
			buildSettings = {
				ALWAYS_SEARCH_USER_PATHS = NO;
				CLANG_ANALYZER_NONNULL = YES;
				CLANG_CXX_LANGUAGE_STANDARD = "gnu++0x";
				CLANG_CXX_LIBRARY = "libc++";
				CLANG_ENABLE_MODULES = YES;
				CLANG_ENABLE_OBJC_ARC = YES;
				CLANG_WARN_BOOL_CONVERSION = YES;
				CLANG_WARN_CONSTANT_CONVERSION = YES;
				CLANG_WARN_DIRECT_OBJC_ISA_USAGE = YES_ERROR;
				CLANG_WARN_EMPTY_BODY = YES;
				CLANG_WARN_ENUM_CONVERSION = YES;
				CLANG_WARN_INT_CONVERSION = YES;
				CLANG_WARN_OBJC_ROOT_CLASS = YES_ERROR;
				CLANG_WARN_UNREACHABLE_CODE = YES;
				CLANG_WARN__DUPLICATE_METHOD_MATCH = YES;
				"CODE_SIGN_IDENTITY[sdk=iphoneos*]" = "iPhone Developer";
				COPY_PHASE_STRIP = NO;
				DEBUG_INFORMATION_FORMAT = "dwarf-with-dsym";
				ENABLE_NS_ASSERTIONS = NO;
				ENABLE_STRICT_OBJC_MSGSEND = YES;
				GCC_C_LANGUAGE_STANDARD = gnu99;
				GCC_NO_COMMON_BLOCKS = YES;
				GCC_WARN_64_TO_32_BIT_CONVERSION = YES;
				GCC_WARN_ABOUT_RETURN_TYPE = YES_ERROR;
				GCC_WARN_UNDECLARED_SELECTOR = YES;
				GCC_WARN_UNINITIALIZED_AUTOS = YES_AGGRESSIVE;
				GCC_WARN_UNUSED_FUNCTION = YES;
				GCC_WARN_UNUSED_VARIABLE = YES;
				IPHONEOS_DEPLOYMENT_TARGET = 9.3;
				MTL_ENABLE_DEBUG_INFO = NO;
				SDKROOT = iphoneos;
				VALIDATE_PRODUCT = YES;
			};
			name = Release;
		};
		D3F41E5C1D0C3504007096F8 /* Debug */ = {
			isa = XCBuildConfiguration;
			buildSettings = {
				ASSETCATALOG_COMPILER_APPICON_NAME = AppIcon;
				GCC_PREFIX_HEADER = SqliteWrapper/PrefixHeader.pch;
				INFOPLIST_FILE = SqliteWrapper/Info.plist;
				IPHONEOS_DEPLOYMENT_TARGET = 7.0;
				LD_RUNPATH_SEARCH_PATHS = "$(inherited) @executable_path/Frameworks";
				PRODUCT_BUNDLE_IDENTIFIER = com.swapnil.SqliteWrapper;
				PRODUCT_NAME = "$(TARGET_NAME)";
			};
			name = Debug;
		};
		D3F41E5D1D0C3504007096F8 /* Release */ = {
			isa = XCBuildConfiguration;
			buildSettings = {
				ASSETCATALOG_COMPILER_APPICON_NAME = AppIcon;
				GCC_PREFIX_HEADER = SqliteWrapper/PrefixHeader.pch;
				INFOPLIST_FILE = SqliteWrapper/Info.plist;
				IPHONEOS_DEPLOYMENT_TARGET = 7.0;
				LD_RUNPATH_SEARCH_PATHS = "$(inherited) @executable_path/Frameworks";
				PRODUCT_BUNDLE_IDENTIFIER = com.swapnil.SqliteWrapper;
				PRODUCT_NAME = "$(TARGET_NAME)";
			};
			name = Release;
		};
		D3F41E5F1D0C3504007096F8 /* Debug */ = {
			isa = XCBuildConfiguration;
			buildSettings = {
				BUNDLE_LOADER = "$(TEST_HOST)";
				INFOPLIST_FILE = SqliteWrapperTests/Info.plist;
				LD_RUNPATH_SEARCH_PATHS = "$(inherited) @executable_path/Frameworks @loader_path/Frameworks";
				PRODUCT_BUNDLE_IDENTIFIER = com.swapnil.SqliteWrapperTests;
				PRODUCT_NAME = "$(TARGET_NAME)";
				TEST_HOST = "$(BUILT_PRODUCTS_DIR)/SqliteWrapper.app/SqliteWrapper";
			};
			name = Debug;
		};
		D3F41E601D0C3504007096F8 /* Release */ = {
			isa = XCBuildConfiguration;
			buildSettings = {
				BUNDLE_LOADER = "$(TEST_HOST)";
				INFOPLIST_FILE = SqliteWrapperTests/Info.plist;
				LD_RUNPATH_SEARCH_PATHS = "$(inherited) @executable_path/Frameworks @loader_path/Frameworks";
				PRODUCT_BUNDLE_IDENTIFIER = com.swapnil.SqliteWrapperTests;
				PRODUCT_NAME = "$(TARGET_NAME)";
				TEST_HOST = "$(BUILT_PRODUCTS_DIR)/SqliteWrapper.app/SqliteWrapper";
			};
			name = Release;
		};
		D3F41E621D0C3504007096F8 /* Debug */ = {
			isa = XCBuildConfiguration;
			buildSettings = {
				INFOPLIST_FILE = SqliteWrapperUITests/Info.plist;
				LD_RUNPATH_SEARCH_PATHS = "$(inherited) @executable_path/Frameworks @loader_path/Frameworks";
				PRODUCT_BUNDLE_IDENTIFIER = com.swapnil.SqliteWrapperUITests;
				PRODUCT_NAME = "$(TARGET_NAME)";
				TEST_TARGET_NAME = SqliteWrapper;
			};
			name = Debug;
		};
		D3F41E631D0C3504007096F8 /* Release */ = {
			isa = XCBuildConfiguration;
			buildSettings = {
				INFOPLIST_FILE = SqliteWrapperUITests/Info.plist;
				LD_RUNPATH_SEARCH_PATHS = "$(inherited) @executable_path/Frameworks @loader_path/Frameworks";
				PRODUCT_BUNDLE_IDENTIFIER = com.swapnil.SqliteWrapperUITests;
				PRODUCT_NAME = "$(TARGET_NAME)";
				TEST_TARGET_NAME = SqliteWrapper;
			};
			name = Release;
		};
/* End XCBuildConfiguration section */

/* Begin XCConfigurationList section */
		D3F41E291D0C3504007096F8 /* Build configuration list for PBXProject "SqliteWrapper" */ = {
			isa = XCConfigurationList;
			buildConfigurations = (
				D3F41E591D0C3504007096F8 /* Debug */,
				D3F41E5A1D0C3504007096F8 /* Release */,
			);
			defaultConfigurationIsVisible = 0;
			defaultConfigurationName = Release;
		};
		D3F41E5B1D0C3504007096F8 /* Build configuration list for PBXNativeTarget "SqliteWrapper" */ = {
			isa = XCConfigurationList;
			buildConfigurations = (
				D3F41E5C1D0C3504007096F8 /* Debug */,
				D3F41E5D1D0C3504007096F8 /* Release */,
			);
			defaultConfigurationIsVisible = 0;
		};
		D3F41E5E1D0C3504007096F8 /* Build configuration list for PBXNativeTarget "SqliteWrapperTests" */ = {
			isa = XCConfigurationList;
			buildConfigurations = (
				D3F41E5F1D0C3504007096F8 /* Debug */,
				D3F41E601D0C3504007096F8 /* Release */,
			);
			defaultConfigurationIsVisible = 0;
		};
		D3F41E611D0C3504007096F8 /* Build configuration list for PBXNativeTarget "SqliteWrapperUITests" */ = {
			isa = XCConfigurationList;
			buildConfigurations = (
				D3F41E621D0C3504007096F8 /* Debug */,
				D3F41E631D0C3504007096F8 /* Release */,
			);
			defaultConfigurationIsVisible = 0;
		};
/* End XCConfigurationList section */
	};
	rootObject = D3F41E261D0C3504007096F8 /* Project object */;
}
